// !$*UTF8*$!
{
	archiveVersion = 1;
	classes = {
	};
	objectVersion = 56;
	objects = {

/* Begin PBXBuildFile section */
		D3B7D4D62BC4DD7F00643CBF /* AppetizersApp.swift in Sources */ = {isa = PBXBuildFile; fileRef = D3B7D4D52BC4DD7F00643CBF /* AppetizersApp.swift */; };
		D3B7D4D82BC4DD7F00643CBF /* AppetizerTabView.swift in Sources */ = {isa = PBXBuildFile; fileRef = D3B7D4D72BC4DD7F00643CBF /* AppetizerTabView.swift */; };
		D3B7D4DA2BC4DD8000643CBF /* Assets.xcassets in Resources */ = {isa = PBXBuildFile; fileRef = D3B7D4D92BC4DD8000643CBF /* Assets.xcassets */; };
		D3B7D4DD2BC4DD8000643CBF /* Preview Assets.xcassets in Resources */ = {isa = PBXBuildFile; fileRef = D3B7D4DC2BC4DD8000643CBF /* Preview Assets.xcassets */; };
		D3B7D4E42BC4DDF900643CBF /* AppetizerListView.swift in Sources */ = {isa = PBXBuildFile; fileRef = D3B7D4E32BC4DDF900643CBF /* AppetizerListView.swift */; };
		D3B7D4E62BC4DE1300643CBF /* AccountView.swift in Sources */ = {isa = PBXBuildFile; fileRef = D3B7D4E52BC4DE1300643CBF /* AccountView.swift */; };
		D3B7D4E82BC4DE2000643CBF /* OrderView.swift in Sources */ = {isa = PBXBuildFile; fileRef = D3B7D4E72BC4DE2000643CBF /* OrderView.swift */; };
		D3B7D4EA2BC4EABA00643CBF /* Appetizer.swift in Sources */ = {isa = PBXBuildFile; fileRef = D3B7D4E92BC4EABA00643CBF /* Appetizer.swift */; };
		D3B7D4EC2BC63B3E00643CBF /* AppetizerListCell.swift in Sources */ = {isa = PBXBuildFile; fileRef = D3B7D4EB2BC63B3E00643CBF /* AppetizerListCell.swift */; };
		D3B7D4EE2BC63C8000643CBF /* NetworkManager.swift in Sources */ = {isa = PBXBuildFile; fileRef = D3B7D4ED2BC63C8000643CBF /* NetworkManager.swift */; };
		D3B7D4F02BC63DFB00643CBF /* APError.swift in Sources */ = {isa = PBXBuildFile; fileRef = D3B7D4EF2BC63DFB00643CBF /* APError.swift */; };
		D3B7D4F22BCACA7800643CBF /* AppetizerListViewModel.swift in Sources */ = {isa = PBXBuildFile; fileRef = D3B7D4F12BCACA7800643CBF /* AppetizerListViewModel.swift */; };
		D3B7D4F42BCB82B900643CBF /* Alert.swift in Sources */ = {isa = PBXBuildFile; fileRef = D3B7D4F32BCB82B900643CBF /* Alert.swift */; };
		D3B7D4F62BCCBEB500643CBF /* LoadingView.swift in Sources */ = {isa = PBXBuildFile; fileRef = D3B7D4F52BCCBEB500643CBF /* LoadingView.swift */; };
		D3B7D4F82BCCBFF400643CBF /* Color+Ext.swift in Sources */ = {isa = PBXBuildFile; fileRef = D3B7D4F72BCCBFF400643CBF /* Color+Ext.swift */; };
/* End PBXBuildFile section */

/* Begin PBXFileReference section */
		D3B7D4D22BC4DD7F00643CBF /* Appetizers.app */ = {isa = PBXFileReference; explicitFileType = wrapper.application; includeInIndex = 0; path = Appetizers.app; sourceTree = BUILT_PRODUCTS_DIR; };
		D3B7D4D52BC4DD7F00643CBF /* AppetizersApp.swift */ = {isa = PBXFileReference; lastKnownFileType = sourcecode.swift; path = AppetizersApp.swift; sourceTree = "<group>"; };
		D3B7D4D72BC4DD7F00643CBF /* AppetizerTabView.swift */ = {isa = PBXFileReference; lastKnownFileType = sourcecode.swift; path = AppetizerTabView.swift; sourceTree = "<group>"; };
		D3B7D4D92BC4DD8000643CBF /* Assets.xcassets */ = {isa = PBXFileReference; lastKnownFileType = folder.assetcatalog; path = Assets.xcassets; sourceTree = "<group>"; };
		D3B7D4DC2BC4DD8000643CBF /* Preview Assets.xcassets */ = {isa = PBXFileReference; lastKnownFileType = folder.assetcatalog; path = "Preview Assets.xcassets"; sourceTree = "<group>"; };
		D3B7D4E32BC4DDF900643CBF /* AppetizerListView.swift */ = {isa = PBXFileReference; lastKnownFileType = sourcecode.swift; path = AppetizerListView.swift; sourceTree = "<group>"; };
		D3B7D4E52BC4DE1300643CBF /* AccountView.swift */ = {isa = PBXFileReference; lastKnownFileType = sourcecode.swift; path = AccountView.swift; sourceTree = "<group>"; };
		D3B7D4E72BC4DE2000643CBF /* OrderView.swift */ = {isa = PBXFileReference; lastKnownFileType = sourcecode.swift; path = OrderView.swift; sourceTree = "<group>"; };
		D3B7D4E92BC4EABA00643CBF /* Appetizer.swift */ = {isa = PBXFileReference; lastKnownFileType = sourcecode.swift; path = Appetizer.swift; sourceTree = "<group>"; };
		D3B7D4EB2BC63B3E00643CBF /* AppetizerListCell.swift */ = {isa = PBXFileReference; lastKnownFileType = sourcecode.swift; path = AppetizerListCell.swift; sourceTree = "<group>"; };
		D3B7D4ED2BC63C8000643CBF /* NetworkManager.swift */ = {isa = PBXFileReference; lastKnownFileType = sourcecode.swift; path = NetworkManager.swift; sourceTree = "<group>"; };
		D3B7D4EF2BC63DFB00643CBF /* APError.swift */ = {isa = PBXFileReference; lastKnownFileType = sourcecode.swift; path = APError.swift; sourceTree = "<group>"; };
		D3B7D4F12BCACA7800643CBF /* AppetizerListViewModel.swift */ = {isa = PBXFileReference; lastKnownFileType = sourcecode.swift; path = AppetizerListViewModel.swift; sourceTree = "<group>"; };
		D3B7D4F32BCB82B900643CBF /* Alert.swift */ = {isa = PBXFileReference; lastKnownFileType = sourcecode.swift; path = Alert.swift; sourceTree = "<group>"; };
		D3B7D4F52BCCBEB500643CBF /* LoadingView.swift */ = {isa = PBXFileReference; lastKnownFileType = sourcecode.swift; path = LoadingView.swift; sourceTree = "<group>"; };
		D3B7D4F72BCCBFF400643CBF /* Color+Ext.swift */ = {isa = PBXFileReference; lastKnownFileType = sourcecode.swift; path = "Color+Ext.swift"; sourceTree = "<group>"; };
/* End PBXFileReference section */

/* Begin PBXFrameworksBuildPhase section */
		D3B7D4CF2BC4DD7F00643CBF /* Frameworks */ = {
			isa = PBXFrameworksBuildPhase;
			buildActionMask = 2147483647;
			files = (
			);
			runOnlyForDeploymentPostprocessing = 0;
		};
/* End PBXFrameworksBuildPhase section */

/* Begin PBXGroup section */
		D3B7D4C92BC4DD7F00643CBF = {
			isa = PBXGroup;
			children = (
				D3B7D4D42BC4DD7F00643CBF /* Appetizers */,
				D3B7D4D32BC4DD7F00643CBF /* Products */,
			);
			sourceTree = "<group>";
		};
		D3B7D4D32BC4DD7F00643CBF /* Products */ = {
			isa = PBXGroup;
			children = (
				D3B7D4D22BC4DD7F00643CBF /* Appetizers.app */,
			);
			name = Products;
			sourceTree = "<group>";
		};
		D3B7D4D42BC4DD7F00643CBF /* Appetizers */ = {
			isa = PBXGroup;
			children = (
				D3B7D4D52BC4DD7F00643CBF /* AppetizersApp.swift */,
				D3B7D4D72BC4DD7F00643CBF /* AppetizerTabView.swift */,
				D3B7D4D92BC4DD8000643CBF /* Assets.xcassets */,
				D3B7D4DB2BC4DD8000643CBF /* Preview Content */,
				D3B7D4E32BC4DDF900643CBF /* AppetizerListView.swift */,
				D3B7D4E52BC4DE1300643CBF /* AccountView.swift */,
				D3B7D4E72BC4DE2000643CBF /* OrderView.swift */,
				D3B7D4E92BC4EABA00643CBF /* Appetizer.swift */,
				D3B7D4EB2BC63B3E00643CBF /* AppetizerListCell.swift */,
				D3B7D4ED2BC63C8000643CBF /* NetworkManager.swift */,
				D3B7D4EF2BC63DFB00643CBF /* APError.swift */,
				D3B7D4F12BCACA7800643CBF /* AppetizerListViewModel.swift */,
				D3B7D4F32BCB82B900643CBF /* Alert.swift */,
				D3B7D4F52BCCBEB500643CBF /* LoadingView.swift */,
				D3B7D4F72BCCBFF400643CBF /* Color+Ext.swift */,
			);
			path = Appetizers;
			sourceTree = "<group>";
		};
		D3B7D4DB2BC4DD8000643CBF /* Preview Content */ = {
			isa = PBXGroup;
			children = (
				D3B7D4DC2BC4DD8000643CBF /* Preview Assets.xcassets */,
			);
			path = "Preview Content";
			sourceTree = "<group>";
		};
/* End PBXGroup section */

/* Begin PBXNativeTarget section */
		D3B7D4D12BC4DD7F00643CBF /* Appetizers */ = {
			isa = PBXNativeTarget;
			buildConfigurationList = D3B7D4E02BC4DD8000643CBF /* Build configuration list for PBXNativeTarget "Appetizers" */;
			buildPhases = (
				D3B7D4CE2BC4DD7F00643CBF /* Sources */,
				D3B7D4CF2BC4DD7F00643CBF /* Frameworks */,
				D3B7D4D02BC4DD7F00643CBF /* Resources */,
			);
			buildRules = (
			);
			dependencies = (
			);
			name = Appetizers;
			productName = Appetizers;
			productReference = D3B7D4D22BC4DD7F00643CBF /* Appetizers.app */;
			productType = "com.apple.product-type.application";
		};
/* End PBXNativeTarget section */

/* Begin PBXProject section */
		D3B7D4CA2BC4DD7F00643CBF /* Project object */ = {
			isa = PBXProject;
			attributes = {
				BuildIndependentTargetsInParallel = 1;
				LastSwiftUpdateCheck = 1530;
				LastUpgradeCheck = 1530;
				TargetAttributes = {
					D3B7D4D12BC4DD7F00643CBF = {
						CreatedOnToolsVersion = 15.3;
					};
				};
			};
			buildConfigurationList = D3B7D4CD2BC4DD7F00643CBF /* Build configuration list for PBXProject "Appetizers" */;
			compatibilityVersion = "Xcode 14.0";
			developmentRegion = en;
			hasScannedForEncodings = 0;
			knownRegions = (
				en,
				Base,
			);
			mainGroup = D3B7D4C92BC4DD7F00643CBF;
			productRefGroup = D3B7D4D32BC4DD7F00643CBF /* Products */;
			projectDirPath = "";
			projectRoot = "";
			targets = (
				D3B7D4D12BC4DD7F00643CBF /* Appetizers */,
			);
		};
/* End PBXProject section */

/* Begin PBXResourcesBuildPhase section */
		D3B7D4D02BC4DD7F00643CBF /* Resources */ = {
			isa = PBXResourcesBuildPhase;
			buildActionMask = 2147483647;
			files = (
				D3B7D4DD2BC4DD8000643CBF /* Preview Assets.xcassets in Resources */,
				D3B7D4DA2BC4DD8000643CBF /* Assets.xcassets in Resources */,
			);
			runOnlyForDeploymentPostprocessing = 0;
		};
/* End PBXResourcesBuildPhase section */

/* Begin PBXSourcesBuildPhase section */
		D3B7D4CE2BC4DD7F00643CBF /* Sources */ = {
			isa = PBXSourcesBuildPhase;
			buildActionMask = 2147483647;
			files = (
				D3B7D4EA2BC4EABA00643CBF /* Appetizer.swift in Sources */,
				D3B7D4F02BC63DFB00643CBF /* APError.swift in Sources */,
				D3B7D4EC2BC63B3E00643CBF /* AppetizerListCell.swift in Sources */,
				D3B7D4F22BCACA7800643CBF /* AppetizerListViewModel.swift in Sources */,
				D3B7D4F82BCCBFF400643CBF /* Color+Ext.swift in Sources */,
				D3B7D4E62BC4DE1300643CBF /* AccountView.swift in Sources */,
				D3B7D4F62BCCBEB500643CBF /* LoadingView.swift in Sources */,
				D3B7D4D82BC4DD7F00643CBF /* AppetizerTabView.swift in Sources */,
				D3B7D4EE2BC63C8000643CBF /* NetworkManager.swift in Sources */,
				D3B7D4D62BC4DD7F00643CBF /* AppetizersApp.swift in Sources */,
				D3B7D4F42BCB82B900643CBF /* Alert.swift in Sources */,
				D3B7D4E42BC4DDF900643CBF /* AppetizerListView.swift in Sources */,
				D3B7D4E82BC4DE2000643CBF /* OrderView.swift in Sources */,
			);
			runOnlyForDeploymentPostprocessing = 0;
		};
/* End PBXSourcesBuildPhase section */

/* Begin XCBuildConfiguration section */
		D3B7D4DE2BC4DD8000643CBF /* Debug */ = {
			isa = XCBuildConfiguration;
			buildSettings = {
				ALWAYS_SEARCH_USER_PATHS = NO;
				ASSETCATALOG_COMPILER_GENERATE_SWIFT_ASSET_SYMBOL_EXTENSIONS = YES;
				CLANG_ANALYZER_NONNULL = YES;
				CLANG_ANALYZER_NUMBER_OBJECT_CONVERSION = YES_AGGRESSIVE;
				CLANG_CXX_LANGUAGE_STANDARD = "gnu++20";
				CLANG_ENABLE_MODULES = YES;
				CLANG_ENABLE_OBJC_ARC = YES;
				CLANG_ENABLE_OBJC_WEAK = YES;
				CLANG_WARN_BLOCK_CAPTURE_AUTORELEASING = YES;
				CLANG_WARN_BOOL_CONVERSION = YES;
				CLANG_WARN_COMMA = YES;
				CLANG_WARN_CONSTANT_CONVERSION = YES;
				CLANG_WARN_DEPRECATED_OBJC_IMPLEMENTATIONS = YES;
				CLANG_WARN_DIRECT_OBJC_ISA_USAGE = YES_ERROR;
				CLANG_WARN_DOCUMENTATION_COMMENTS = YES;
				CLANG_WARN_EMPTY_BODY = YES;
				CLANG_WARN_ENUM_CONVERSION = YES;
				CLANG_WARN_INFINITE_RECURSION = YES;
				CLANG_WARN_INT_CONVERSION = YES;
				CLANG_WARN_NON_LITERAL_NULL_CONVERSION = YES;
				CLANG_WARN_OBJC_IMPLICIT_RETAIN_SELF = YES;
				CLANG_WARN_OBJC_LITERAL_CONVERSION = YES;
				CLANG_WARN_OBJC_ROOT_CLASS = YES_ERROR;
				CLANG_WARN_QUOTED_INCLUDE_IN_FRAMEWORK_HEADER = YES;
				CLANG_WARN_RANGE_LOOP_ANALYSIS = YES;
				CLANG_WARN_STRICT_PROTOTYPES = YES;
				CLANG_WARN_SUSPICIOUS_MOVE = YES;
				CLANG_WARN_UNGUARDED_AVAILABILITY = YES_AGGRESSIVE;
				CLANG_WARN_UNREACHABLE_CODE = YES;
				CLANG_WARN__DUPLICATE_METHOD_MATCH = YES;
				COPY_PHASE_STRIP = NO;
				DEBUG_INFORMATION_FORMAT = dwarf;
				ENABLE_STRICT_OBJC_MSGSEND = YES;
				ENABLE_TESTABILITY = YES;
				ENABLE_USER_SCRIPT_SANDBOXING = YES;
				GCC_C_LANGUAGE_STANDARD = gnu17;
				GCC_DYNAMIC_NO_PIC = NO;
				GCC_NO_COMMON_BLOCKS = YES;
				GCC_OPTIMIZATION_LEVEL = 0;
				GCC_PREPROCESSOR_DEFINITIONS = (
					"DEBUG=1",
					"$(inherited)",
				);
				GCC_WARN_64_TO_32_BIT_CONVERSION = YES;
				GCC_WARN_ABOUT_RETURN_TYPE = YES_ERROR;
				GCC_WARN_UNDECLARED_SELECTOR = YES;
				GCC_WARN_UNINITIALIZED_AUTOS = YES_AGGRESSIVE;
				GCC_WARN_UNUSED_FUNCTION = YES;
				GCC_WARN_UNUSED_VARIABLE = YES;
				IPHONEOS_DEPLOYMENT_TARGET = 17.4;
				LOCALIZATION_PREFERS_STRING_CATALOGS = YES;
				MTL_ENABLE_DEBUG_INFO = INCLUDE_SOURCE;
				MTL_FAST_MATH = YES;
				ONLY_ACTIVE_ARCH = YES;
				SDKROOT = iphoneos;
				SWIFT_ACTIVE_COMPILATION_CONDITIONS = "DEBUG $(inherited)";
				SWIFT_OPTIMIZATION_LEVEL = "-Onone";
			};
			name = Debug;
		};
		D3B7D4DF2BC4DD8000643CBF /* Release */ = {
			isa = XCBuildConfiguration;
			buildSettings = {
				ALWAYS_SEARCH_USER_PATHS = NO;
				ASSETCATALOG_COMPILER_GENERATE_SWIFT_ASSET_SYMBOL_EXTENSIONS = YES;
				CLANG_ANALYZER_NONNULL = YES;
				CLANG_ANALYZER_NUMBER_OBJECT_CONVERSION = YES_AGGRESSIVE;
				CLANG_CXX_LANGUAGE_STANDARD = "gnu++20";
				CLANG_ENABLE_MODULES = YES;
				CLANG_ENABLE_OBJC_ARC = YES;
				CLANG_ENABLE_OBJC_WEAK = YES;
				CLANG_WARN_BLOCK_CAPTURE_AUTORELEASING = YES;
				CLANG_WARN_BOOL_CONVERSION = YES;
				CLANG_WARN_COMMA = YES;
				CLANG_WARN_CONSTANT_CONVERSION = YES;
				CLANG_WARN_DEPRECATED_OBJC_IMPLEMENTATIONS = YES;
				CLANG_WARN_DIRECT_OBJC_ISA_USAGE = YES_ERROR;
				CLANG_WARN_DOCUMENTATION_COMMENTS = YES;
				CLANG_WARN_EMPTY_BODY = YES;
				CLANG_WARN_ENUM_CONVERSION = YES;
				CLANG_WARN_INFINITE_RECURSION = YES;
				CLANG_WARN_INT_CONVERSION = YES;
				CLANG_WARN_NON_LITERAL_NULL_CONVERSION = YES;
				CLANG_WARN_OBJC_IMPLICIT_RETAIN_SELF = YES;
				CLANG_WARN_OBJC_LITERAL_CONVERSION = YES;
				CLANG_WARN_OBJC_ROOT_CLASS = YES_ERROR;
				CLANG_WARN_QUOTED_INCLUDE_IN_FRAMEWORK_HEADER = YES;
				CLANG_WARN_RANGE_LOOP_ANALYSIS = YES;
				CLANG_WARN_STRICT_PROTOTYPES = YES;
				CLANG_WARN_SUSPICIOUS_MOVE = YES;
				CLANG_WARN_UNGUARDED_AVAILABILITY = YES_AGGRESSIVE;
				CLANG_WARN_UNREACHABLE_CODE = YES;
				CLANG_WARN__DUPLICATE_METHOD_MATCH = YES;
				COPY_PHASE_STRIP = NO;
				DEBUG_INFORMATION_FORMAT = "dwarf-with-dsym";
				ENABLE_NS_ASSERTIONS = NO;
				ENABLE_STRICT_OBJC_MSGSEND = YES;
				ENABLE_USER_SCRIPT_SANDBOXING = YES;
				GCC_C_LANGUAGE_STANDARD = gnu17;
				GCC_NO_COMMON_BLOCKS = YES;
				GCC_WARN_64_TO_32_BIT_CONVERSION = YES;
				GCC_WARN_ABOUT_RETURN_TYPE = YES_ERROR;
				GCC_WARN_UNDECLARED_SELECTOR = YES;
				GCC_WARN_UNINITIALIZED_AUTOS = YES_AGGRESSIVE;
				GCC_WARN_UNUSED_FUNCTION = YES;
				GCC_WARN_UNUSED_VARIABLE = YES;
				IPHONEOS_DEPLOYMENT_TARGET = 17.4;
				LOCALIZATION_PREFERS_STRING_CATALOGS = YES;
				MTL_ENABLE_DEBUG_INFO = NO;
				MTL_FAST_MATH = YES;
				SDKROOT = iphoneos;
				SWIFT_COMPILATION_MODE = wholemodule;
				VALIDATE_PRODUCT = YES;
			};
			name = Release;
		};
		D3B7D4E12BC4DD8000643CBF /* Debug */ = {
			isa = XCBuildConfiguration;
			buildSettings = {
				ASSETCATALOG_COMPILER_APPICON_NAME = AppIcon;
				ASSETCATALOG_COMPILER_GLOBAL_ACCENT_COLOR_NAME = AccentColor;
				CODE_SIGN_STYLE = Automatic;
				CURRENT_PROJECT_VERSION = 1;
				DEVELOPMENT_ASSET_PATHS = "\"Appetizers/Preview Content\"";
				DEVELOPMENT_TEAM = K8FKWBYV9S;
				ENABLE_PREVIEWS = YES;
				GENERATE_INFOPLIST_FILE = YES;
				INFOPLIST_KEY_UIApplicationSceneManifest_Generation = YES;
				INFOPLIST_KEY_UIApplicationSupportsIndirectInputEvents = YES;
				INFOPLIST_KEY_UILaunchScreen_Generation = YES;
				INFOPLIST_KEY_UISupportedInterfaceOrientations_iPad = "UIInterfaceOrientationPortrait UIInterfaceOrientationPortraitUpsideDown UIInterfaceOrientationLandscapeLeft UIInterfaceOrientationLandscapeRight";
				INFOPLIST_KEY_UISupportedInterfaceOrientations_iPhone = "UIInterfaceOrientationPortrait UIInterfaceOrientationLandscapeLeft UIInterfaceOrientationLandscapeRight";
				LD_RUNPATH_SEARCH_PATHS = (
					"$(inherited)",
					"@executable_path/Frameworks",
				);
				MARKETING_VERSION = 1.0;
				PRODUCT_BUNDLE_IDENTIFIER = frederick.Appetizers;
				PRODUCT_NAME = "$(TARGET_NAME)";
				SWIFT_EMIT_LOC_STRINGS = YES;
				SWIFT_VERSION = 5.0;
				TARGETED_DEVICE_FAMILY = "1,2";
			};
			name = Debug;
		};
		D3B7D4E22BC4DD8000643CBF /* Release */ = {
			isa = XCBuildConfiguration;
			buildSettings = {
				ASSETCATALOG_COMPILER_APPICON_NAME = AppIcon;
				ASSETCATALOG_COMPILER_GLOBAL_ACCENT_COLOR_NAME = AccentColor;
				CODE_SIGN_STYLE = Automatic;
				CURRENT_PROJECT_VERSION = 1;
				DEVELOPMENT_ASSET_PATHS = "\"Appetizers/Preview Content\"";
				DEVELOPMENT_TEAM = K8FKWBYV9S;
				ENABLE_PREVIEWS = YES;
				GENERATE_INFOPLIST_FILE = YES;
				INFOPLIST_KEY_UIApplicationSceneManifest_Generation = YES;
				INFOPLIST_KEY_UIApplicationSupportsIndirectInputEvents = YES;
				INFOPLIST_KEY_UILaunchScreen_Generation = YES;
				INFOPLIST_KEY_UISupportedInterfaceOrientations_iPad = "UIInterfaceOrientationPortrait UIInterfaceOrientationPortraitUpsideDown UIInterfaceOrientationLandscapeLeft UIInterfaceOrientationLandscapeRight";
				INFOPLIST_KEY_UISupportedInterfaceOrientations_iPhone = "UIInterfaceOrientationPortrait UIInterfaceOrientationLandscapeLeft UIInterfaceOrientationLandscapeRight";
				LD_RUNPATH_SEARCH_PATHS = (
					"$(inherited)",
					"@executable_path/Frameworks",
				);
				MARKETING_VERSION = 1.0;
				PRODUCT_BUNDLE_IDENTIFIER = frederick.Appetizers;
				PRODUCT_NAME = "$(TARGET_NAME)";
				SWIFT_EMIT_LOC_STRINGS = YES;
				SWIFT_VERSION = 5.0;
				TARGETED_DEVICE_FAMILY = "1,2";
			};
			name = Release;
		};
/* End XCBuildConfiguration section */

/* Begin XCConfigurationList section */
		D3B7D4CD2BC4DD7F00643CBF /* Build configuration list for PBXProject "Appetizers" */ = {
			isa = XCConfigurationList;
			buildConfigurations = (
				D3B7D4DE2BC4DD8000643CBF /* Debug */,
				D3B7D4DF2BC4DD8000643CBF /* Release */,
			);
			defaultConfigurationIsVisible = 0;
			defaultConfigurationName = Release;
		};
		D3B7D4E02BC4DD8000643CBF /* Build configuration list for PBXNativeTarget "Appetizers" */ = {
			isa = XCConfigurationList;
			buildConfigurations = (
				D3B7D4E12BC4DD8000643CBF /* Debug */,
				D3B7D4E22BC4DD8000643CBF /* Release */,
			);
			defaultConfigurationIsVisible = 0;
			defaultConfigurationName = Release;
		};
/* End XCConfigurationList section */
	};
	rootObject = D3B7D4CA2BC4DD7F00643CBF /* Project object */;
}
